// !$*UTF8*$!
{
	archiveVersion = 1;
	classes = {
	};
	objectVersion = 46;
	objects = {

/* Begin PBXBuildFile section */
		3A0CB7851CC65E9000A32F4E /* Picguard.framework in Frameworks */ = {isa = PBXBuildFile; fileRef = 3A0CB7641CC55A8500A32F4E /* Picguard.framework */; };
		3A0CB7931CC6843D00A32F4E /* Picguard.h in Headers */ = {isa = PBXBuildFile; fileRef = 3A0CB7921CC683D300A32F4E /* Picguard.h */; settings = {ATTRIBUTES = (Public, ); }; };
		3A22BA9D1CCF65990033E807 /* LabelDetectionResult.swift in Sources */ = {isa = PBXBuildFile; fileRef = 3A22BA9C1CCF65990033E807 /* LabelDetectionResult.swift */; };
		3A22BAA21CCFA6A90033E807 /* LabelDetectionResultSpec.swift in Sources */ = {isa = PBXBuildFile; fileRef = 3A22BA9E1CCFA6560033E807 /* LabelDetectionResultSpec.swift */; };
		3A2E7C2F1CC8F52F00277114 /* Base64ImageEncoder.swift in Sources */ = {isa = PBXBuildFile; fileRef = 3A2E7C2E1CC8F52F00277114 /* Base64ImageEncoder.swift */; };
		3AD8FE2A1CD13FFE008557F3 /* APIRepresentationValue.swift in Sources */ = {isa = PBXBuildFile; fileRef = 3AD8FE291CD13FFE008557F3 /* APIRepresentationValue.swift */; };
		3AD8FE2C1CD14FB4008557F3 /* Dictionary.swift in Sources */ = {isa = PBXBuildFile; fileRef = 3AD8FE2B1CD14FB4008557F3 /* Dictionary.swift */; };
		3AD8FE301CD15485008557F3 /* APIRepresentationConvertible.swift in Sources */ = {isa = PBXBuildFile; fileRef = 3AD8FE2F1CD15485008557F3 /* APIRepresentationConvertible.swift */; };
		5C89721E1CC7BF4900843EB8 /* Picguard.swift in Sources */ = {isa = PBXBuildFile; fileRef = 5C89721D1CC7BF4900843EB8 /* Picguard.swift */; };
		5C8972391CC7CD0200843EB8 /* PicguardSpec.swift in Sources */ = {isa = PBXBuildFile; fileRef = 5C8972381CC7CD0200843EB8 /* PicguardSpec.swift */; };
		5C8972411CC7CFF200843EB8 /* ImageEncoding.swift in Sources */ = {isa = PBXBuildFile; fileRef = 5C89723E1CC7CF0D00843EB8 /* ImageEncoding.swift */; };
		5CDB918D1CCE2959000F52D8 /* Base64ImageEncoderSpec.swift in Sources */ = {isa = PBXBuildFile; fileRef = 5CDB918C1CCE2959000F52D8 /* Base64ImageEncoderSpec.swift */; };
/* End PBXBuildFile section */

/* Begin PBXContainerItemProxy section */
		3A0CB7861CC65E9000A32F4E /* PBXContainerItemProxy */ = {
			isa = PBXContainerItemProxy;
			containerPortal = 3A0CB75B1CC55A8500A32F4E /* Project object */;
			proxyType = 1;
			remoteGlobalIDString = 3A0CB7631CC55A8500A32F4E;
			remoteInfo = "Picguard (iOS)";
		};
/* End PBXContainerItemProxy section */

/* Begin PBXFileReference section */
		3A0CB7641CC55A8500A32F4E /* Picguard.framework */ = {isa = PBXFileReference; explicitFileType = wrapper.framework; includeInIndex = 0; path = Picguard.framework; sourceTree = BUILT_PRODUCTS_DIR; };
		3A0CB7801CC65E9000A32F4E /* Picguard Tests.xctest */ = {isa = PBXFileReference; explicitFileType = wrapper.cfbundle; includeInIndex = 0; path = "Picguard Tests.xctest"; sourceTree = BUILT_PRODUCTS_DIR; };
		3A0CB78C1CC6748200A32F4E /* Picguard-Common.xcconfig */ = {isa = PBXFileReference; lastKnownFileType = text.xcconfig; path = "Picguard-Common.xcconfig"; sourceTree = "<group>"; };
		3A0CB78D1CC6795E00A32F4E /* Framework-Debug.xcconfig */ = {isa = PBXFileReference; lastKnownFileType = text.xcconfig; path = "Framework-Debug.xcconfig"; sourceTree = "<group>"; };
		3A0CB78E1CC6796A00A32F4E /* Framework-Release.xcconfig */ = {isa = PBXFileReference; lastKnownFileType = text.xcconfig; path = "Framework-Release.xcconfig"; sourceTree = "<group>"; };
		3A0CB78F1CC67B4400A32F4E /* Tests-Common.xcconfig */ = {isa = PBXFileReference; lastKnownFileType = text.xcconfig; path = "Tests-Common.xcconfig"; sourceTree = "<group>"; };
		3A0CB7911CC683D300A32F4E /* Picguard-Info.plist */ = {isa = PBXFileReference; lastKnownFileType = text.plist.xml; path = "Picguard-Info.plist"; sourceTree = "<group>"; };
		3A0CB7921CC683D300A32F4E /* Picguard.h */ = {isa = PBXFileReference; lastKnownFileType = sourcecode.c.h; path = Picguard.h; sourceTree = "<group>"; };
		3A0CB7951CC68BBA00A32F4E /* Framework-Common.xcconfig */ = {isa = PBXFileReference; lastKnownFileType = text.xcconfig; path = "Framework-Common.xcconfig"; sourceTree = "<group>"; };
		3A0CB7961CC68CAC00A32F4E /* Tests-Debug.xcconfig */ = {isa = PBXFileReference; lastKnownFileType = text.xcconfig; path = "Tests-Debug.xcconfig"; sourceTree = "<group>"; };
		3A0CB7971CC68CC900A32F4E /* Tests-Release.xcconfig */ = {isa = PBXFileReference; lastKnownFileType = text.xcconfig; path = "Tests-Release.xcconfig"; sourceTree = "<group>"; };
		3A0CB7981CC68DB400A32F4E /* Picguard-Tests-Info.plist */ = {isa = PBXFileReference; lastKnownFileType = text.plist.xml; path = "Picguard-Tests-Info.plist"; sourceTree = "<group>"; };
		3A22BA9C1CCF65990033E807 /* LabelDetectionResult.swift */ = {isa = PBXFileReference; fileEncoding = 4; lastKnownFileType = sourcecode.swift; path = LabelDetectionResult.swift; sourceTree = "<group>"; };
		3A22BA9E1CCFA6560033E807 /* LabelDetectionResultSpec.swift */ = {isa = PBXFileReference; fileEncoding = 4; lastKnownFileType = sourcecode.swift; path = LabelDetectionResultSpec.swift; sourceTree = "<group>"; };
		3A2E7C2E1CC8F52F00277114 /* Base64ImageEncoder.swift */ = {isa = PBXFileReference; fileEncoding = 4; lastKnownFileType = sourcecode.swift; path = Base64ImageEncoder.swift; sourceTree = "<group>"; };
		3AD8FE291CD13FFE008557F3 /* APIRepresentationValue.swift */ = {isa = PBXFileReference; fileEncoding = 4; lastKnownFileType = sourcecode.swift; path = APIRepresentationValue.swift; sourceTree = "<group>"; };
		3AD8FE2B1CD14FB4008557F3 /* Dictionary.swift */ = {isa = PBXFileReference; fileEncoding = 4; lastKnownFileType = sourcecode.swift; path = Dictionary.swift; sourceTree = "<group>"; };
		3AD8FE2F1CD15485008557F3 /* APIRepresentationConvertible.swift */ = {isa = PBXFileReference; fileEncoding = 4; lastKnownFileType = sourcecode.swift; path = APIRepresentationConvertible.swift; sourceTree = "<group>"; };
		5C89721D1CC7BF4900843EB8 /* Picguard.swift */ = {isa = PBXFileReference; fileEncoding = 4; lastKnownFileType = sourcecode.swift; path = Picguard.swift; sourceTree = "<group>"; };
		5C8972381CC7CD0200843EB8 /* PicguardSpec.swift */ = {isa = PBXFileReference; fileEncoding = 4; lastKnownFileType = sourcecode.swift; path = PicguardSpec.swift; sourceTree = "<group>"; };
		5C89723E1CC7CF0D00843EB8 /* ImageEncoding.swift */ = {isa = PBXFileReference; fileEncoding = 4; lastKnownFileType = sourcecode.swift; path = ImageEncoding.swift; sourceTree = "<group>"; };
		5CAA775E1CCF62A200D42B39 /* Picguard.playground */ = {isa = PBXFileReference; lastKnownFileType = file.playground; path = Picguard.playground; sourceTree = "<group>"; };
		5CDB918C1CCE2959000F52D8 /* Base64ImageEncoderSpec.swift */ = {isa = PBXFileReference; fileEncoding = 4; lastKnownFileType = sourcecode.swift; path = Base64ImageEncoderSpec.swift; sourceTree = "<group>"; };
/* End PBXFileReference section */

/* Begin PBXFrameworksBuildPhase section */
		3A0CB7601CC55A8500A32F4E /* Frameworks */ = {
			isa = PBXFrameworksBuildPhase;
			buildActionMask = 2147483647;
			files = (
			);
			runOnlyForDeploymentPostprocessing = 0;
		};
		3A0CB77D1CC65E9000A32F4E /* Frameworks */ = {
			isa = PBXFrameworksBuildPhase;
			buildActionMask = 2147483647;
			files = (
				3A0CB7851CC65E9000A32F4E /* Picguard.framework in Frameworks */,
			);
			runOnlyForDeploymentPostprocessing = 0;
		};
/* End PBXFrameworksBuildPhase section */

/* Begin PBXGroup section */
		3A0CB75A1CC55A8500A32F4E = {
			isa = PBXGroup;
			children = (
				5CAA775E1CCF62A200D42B39 /* Picguard.playground */,
				3A0CB7661CC55A8500A32F4E /* Picguard */,
				3A0CB7811CC65E9000A32F4E /* Picguard Tests */,
				3A0CB78B1CC6740C00A32F4E /* Configuration */,
				3A0CB7901CC683C300A32F4E /* Supporting Files */,
				3A0CB7651CC55A8500A32F4E /* Products */,
			);
			sourceTree = "<group>";
			usesTabs = 1;
		};
		3A0CB7651CC55A8500A32F4E /* Products */ = {
			isa = PBXGroup;
			children = (
				3A0CB7641CC55A8500A32F4E /* Picguard.framework */,
				3A0CB7801CC65E9000A32F4E /* Picguard Tests.xctest */,
			);
			name = Products;
			sourceTree = "<group>";
		};
		3A0CB7661CC55A8500A32F4E /* Picguard */ = {
			isa = PBXGroup;
			children = (
				3AD8FE2E1CD1544A008557F3 /* API Representation */,
				3A22BA9B1CCF65800033E807 /* Result Models */,
				3A2E7C301CC8F54400277114 /* Image Encoding */,
				3AD8FE2D1CD15246008557F3 /* Type Extensions */,
				5C89721D1CC7BF4900843EB8 /* Picguard.swift */,
			);
			name = Picguard;
			path = Sources;
			sourceTree = "<group>";
		};
		3A0CB7811CC65E9000A32F4E /* Picguard Tests */ = {
			isa = PBXGroup;
			children = (
				3A22BAA01CCFA6590033E807 /* Result Models */,
				5C8972381CC7CD0200843EB8 /* PicguardSpec.swift */,
				5CDB918C1CCE2959000F52D8 /* Base64ImageEncoderSpec.swift */,
			);
			name = "Picguard Tests";
			path = Tests;
			sourceTree = "<group>";
		};
		3A0CB78B1CC6740C00A32F4E /* Configuration */ = {
			isa = PBXGroup;
			children = (
				3A0CB78C1CC6748200A32F4E /* Picguard-Common.xcconfig */,
				3A0CB7951CC68BBA00A32F4E /* Framework-Common.xcconfig */,
				3A0CB78D1CC6795E00A32F4E /* Framework-Debug.xcconfig */,
				3A0CB78E1CC6796A00A32F4E /* Framework-Release.xcconfig */,
				3A0CB78F1CC67B4400A32F4E /* Tests-Common.xcconfig */,
				3A0CB7961CC68CAC00A32F4E /* Tests-Debug.xcconfig */,
				3A0CB7971CC68CC900A32F4E /* Tests-Release.xcconfig */,
			);
			path = Configuration;
			sourceTree = "<group>";
		};
		3A0CB7901CC683C300A32F4E /* Supporting Files */ = {
			isa = PBXGroup;
			children = (
				3A0CB7921CC683D300A32F4E /* Picguard.h */,
				3A0CB7911CC683D300A32F4E /* Picguard-Info.plist */,
				3A0CB7981CC68DB400A32F4E /* Picguard-Tests-Info.plist */,
			);
			name = "Supporting Files";
			path = Support;
			sourceTree = "<group>";
		};
		3A22BA9B1CCF65800033E807 /* Result Models */ = {
			isa = PBXGroup;
			children = (
				3A22BA9C1CCF65990033E807 /* LabelDetectionResult.swift */,
			);
			name = "Result Models";
			sourceTree = "<group>";
		};
		3A22BAA01CCFA6590033E807 /* Result Models */ = {
			isa = PBXGroup;
			children = (
				3A22BA9E1CCFA6560033E807 /* LabelDetectionResultSpec.swift */,
			);
			name = "Result Models";
			sourceTree = "<group>";
		};
		3A2E7C301CC8F54400277114 /* Image Encoding */ = {
			isa = PBXGroup;
			children = (
				5C89723E1CC7CF0D00843EB8 /* ImageEncoding.swift */,
				3A2E7C2E1CC8F52F00277114 /* Base64ImageEncoder.swift */,
			);
			name = "Image Encoding";
			sourceTree = "<group>";
		};
		3AD8FE2D1CD15246008557F3 /* Type Extensions */ = {
			isa = PBXGroup;
			children = (
				3AD8FE2B1CD14FB4008557F3 /* Dictionary.swift */,
			);
			name = "Type Extensions";
			sourceTree = "<group>";
		};
		3AD8FE2E1CD1544A008557F3 /* API Representation */ = {
			isa = PBXGroup;
			children = (
				3AD8FE291CD13FFE008557F3 /* APIRepresentationValue.swift */,
				3AD8FE2F1CD15485008557F3 /* APIRepresentationConvertible.swift */,
			);
			name = "API Representation";
			sourceTree = "<group>";
		};
/* End PBXGroup section */

/* Begin PBXHeadersBuildPhase section */
		3A0CB7611CC55A8500A32F4E /* Headers */ = {
			isa = PBXHeadersBuildPhase;
			buildActionMask = 2147483647;
			files = (
				3A0CB7931CC6843D00A32F4E /* Picguard.h in Headers */,
			);
			runOnlyForDeploymentPostprocessing = 0;
		};
/* End PBXHeadersBuildPhase section */

/* Begin PBXNativeTarget section */
		3A0CB7631CC55A8500A32F4E /* Picguard (iOS) */ = {
			isa = PBXNativeTarget;
			buildConfigurationList = 3A0CB76C1CC55A8500A32F4E /* Build configuration list for PBXNativeTarget "Picguard (iOS)" */;
			buildPhases = (
				3A0CB75F1CC55A8500A32F4E /* Sources */,
				3A0CB7601CC55A8500A32F4E /* Frameworks */,
				3A0CB7611CC55A8500A32F4E /* Headers */,
				3A0CB7621CC55A8500A32F4E /* Resources */,
				5C8972431CC7D49100843EB8 /* SwiftLint */,
			);
			buildRules = (
			);
			dependencies = (
			);
			name = "Picguard (iOS)";
			productName = Picguard;
			productReference = 3A0CB7641CC55A8500A32F4E /* Picguard.framework */;
			productType = "com.apple.product-type.framework";
		};
		3A0CB77F1CC65E9000A32F4E /* Picguard Tests (iOS) */ = {
			isa = PBXNativeTarget;
			buildConfigurationList = 3A0CB7881CC65E9000A32F4E /* Build configuration list for PBXNativeTarget "Picguard Tests (iOS)" */;
			buildPhases = (
				3A0CB77C1CC65E9000A32F4E /* Sources */,
				3A0CB77D1CC65E9000A32F4E /* Frameworks */,
				3A0CB77E1CC65E9000A32F4E /* Resources */,
				3A0CB7A31CC696AC00A32F4E /* Copy Carthage Frameworks */,
			);
			buildRules = (
			);
			dependencies = (
				3A0CB7871CC65E9000A32F4E /* PBXTargetDependency */,
			);
			name = "Picguard Tests (iOS)";
			productName = "Picguard Tests";
			productReference = 3A0CB7801CC65E9000A32F4E /* Picguard Tests.xctest */;
			productType = "com.apple.product-type.bundle.unit-test";
		};
/* End PBXNativeTarget section */

/* Begin PBXProject section */
		3A0CB75B1CC55A8500A32F4E /* Project object */ = {
			isa = PBXProject;
			attributes = {
				LastSwiftUpdateCheck = 0730;
				LastUpgradeCheck = 0730;
				ORGANIZATIONNAME = "Netguru Sp. z o.o.";
				TargetAttributes = {
					3A0CB7631CC55A8500A32F4E = {
						CreatedOnToolsVersion = 7.3;
					};
					3A0CB77F1CC65E9000A32F4E = {
						CreatedOnToolsVersion = 7.3;
					};
				};
			};
			buildConfigurationList = 3A0CB75E1CC55A8500A32F4E /* Build configuration list for PBXProject "Picguard" */;
			compatibilityVersion = "Xcode 3.2";
			developmentRegion = English;
			hasScannedForEncodings = 0;
			knownRegions = (
				en,
			);
			mainGroup = 3A0CB75A1CC55A8500A32F4E;
			productRefGroup = 3A0CB7651CC55A8500A32F4E /* Products */;
			projectDirPath = "";
			projectRoot = "";
			targets = (
				3A0CB7631CC55A8500A32F4E /* Picguard (iOS) */,
				3A0CB77F1CC65E9000A32F4E /* Picguard Tests (iOS) */,
			);
		};
/* End PBXProject section */

/* Begin PBXResourcesBuildPhase section */
		3A0CB7621CC55A8500A32F4E /* Resources */ = {
			isa = PBXResourcesBuildPhase;
			buildActionMask = 2147483647;
			files = (
			);
			runOnlyForDeploymentPostprocessing = 0;
		};
		3A0CB77E1CC65E9000A32F4E /* Resources */ = {
			isa = PBXResourcesBuildPhase;
			buildActionMask = 2147483647;
			files = (
			);
			runOnlyForDeploymentPostprocessing = 0;
		};
/* End PBXResourcesBuildPhase section */

/* Begin PBXShellScriptBuildPhase section */
		3A0CB7A31CC696AC00A32F4E /* Copy Carthage Frameworks */ = {
			isa = PBXShellScriptBuildPhase;
			buildActionMask = 2147483647;
			files = (
			);
			inputPaths = (
				"$(SRCROOT)/Carthage/Build/iOS/Quick.framework",
				"$(SRCROOT)/Carthage/Build/iOS/Nimble.framework",
			);
			name = "Copy Carthage Frameworks";
			outputPaths = (
			);
			runOnlyForDeploymentPostprocessing = 0;
			shellPath = /bin/sh;
			shellScript = "carthage copy-frameworks";
		};
		5C8972431CC7D49100843EB8 /* SwiftLint */ = {
			isa = PBXShellScriptBuildPhase;
			buildActionMask = 2147483647;
			files = (
			);
			inputPaths = (
			);
			name = SwiftLint;
			outputPaths = (
			);
			runOnlyForDeploymentPostprocessing = 0;
			shellPath = /bin/sh;
			shellScript = "if which swiftlint >/dev/null; then\nswiftlint\nelse\necho \"warning: SwiftLint not installed, download from https://github.com/realm/SwiftLint\"\nfi";
		};
/* End PBXShellScriptBuildPhase section */

/* Begin PBXSourcesBuildPhase section */
		3A0CB75F1CC55A8500A32F4E /* Sources */ = {
			isa = PBXSourcesBuildPhase;
			buildActionMask = 2147483647;
			files = (
				3AD8FE301CD15485008557F3 /* APIRepresentationConvertible.swift in Sources */,
				3AD8FE2C1CD14FB4008557F3 /* Dictionary.swift in Sources */,
				5C8972411CC7CFF200843EB8 /* ImageEncoding.swift in Sources */,
				3A2E7C2F1CC8F52F00277114 /* Base64ImageEncoder.swift in Sources */,
				5C89721E1CC7BF4900843EB8 /* Picguard.swift in Sources */,
				3A22BA9D1CCF65990033E807 /* LabelDetectionResult.swift in Sources */,
				3AD8FE2A1CD13FFE008557F3 /* APIRepresentationValue.swift in Sources */,
			);
			runOnlyForDeploymentPostprocessing = 0;
		};
		3A0CB77C1CC65E9000A32F4E /* Sources */ = {
			isa = PBXSourcesBuildPhase;
			buildActionMask = 2147483647;
			files = (
				5CDB918D1CCE2959000F52D8 /* Base64ImageEncoderSpec.swift in Sources */,
				5C8972391CC7CD0200843EB8 /* PicguardSpec.swift in Sources */,
				3A22BAA21CCFA6A90033E807 /* LabelDetectionResultSpec.swift in Sources */,
			);
			runOnlyForDeploymentPostprocessing = 0;
		};
/* End PBXSourcesBuildPhase section */

/* Begin PBXTargetDependency section */
		3A0CB7871CC65E9000A32F4E /* PBXTargetDependency */ = {
			isa = PBXTargetDependency;
			target = 3A0CB7631CC55A8500A32F4E /* Picguard (iOS) */;
			targetProxy = 3A0CB7861CC65E9000A32F4E /* PBXContainerItemProxy */;
		};
/* End PBXTargetDependency section */

/* Begin XCBuildConfiguration section */
		3A0CB76A1CC55A8500A32F4E /* Debug */ = {
			isa = XCBuildConfiguration;
			buildSettings = {
			};
			name = Debug;
		};
		3A0CB76B1CC55A8500A32F4E /* Release */ = {
			isa = XCBuildConfiguration;
			buildSettings = {
			};
			name = Release;
		};
		3A0CB76D1CC55A8500A32F4E /* Debug */ = {
			isa = XCBuildConfiguration;
			baseConfigurationReference = 3A0CB78D1CC6795E00A32F4E /* Framework-Debug.xcconfig */;
			buildSettings = {
			};
			name = Debug;
		};
		3A0CB76E1CC55A8500A32F4E /* Release */ = {
			isa = XCBuildConfiguration;
			baseConfigurationReference = 3A0CB78E1CC6796A00A32F4E /* Framework-Release.xcconfig */;
			buildSettings = {
			};
			name = Release;
		};
		3A0CB7891CC65E9000A32F4E /* Debug */ = {
			isa = XCBuildConfiguration;
			baseConfigurationReference = 3A0CB7961CC68CAC00A32F4E /* Tests-Debug.xcconfig */;
			buildSettings = {
			};
			name = Debug;
		};
		3A0CB78A1CC65E9000A32F4E /* Release */ = {
			isa = XCBuildConfiguration;
			baseConfigurationReference = 3A0CB7971CC68CC900A32F4E /* Tests-Release.xcconfig */;
			buildSettings = {
			};
			name = Release;
		};
/* End XCBuildConfiguration section */

/* Begin XCConfigurationList section */
		3A0CB75E1CC55A8500A32F4E /* Build configuration list for PBXProject "Picguard" */ = {
			isa = XCConfigurationList;
			buildConfigurations = (
				3A0CB76A1CC55A8500A32F4E /* Debug */,
				3A0CB76B1CC55A8500A32F4E /* Release */,
			);
			defaultConfigurationIsVisible = 0;
			defaultConfigurationName = Release;
		};
		3A0CB76C1CC55A8500A32F4E /* Build configuration list for PBXNativeTarget "Picguard (iOS)" */ = {
			isa = XCConfigurationList;
			buildConfigurations = (
				3A0CB76D1CC55A8500A32F4E /* Debug */,
				3A0CB76E1CC55A8500A32F4E /* Release */,
			);
			defaultConfigurationIsVisible = 0;
			defaultConfigurationName = Release;
		};
		3A0CB7881CC65E9000A32F4E /* Build configuration list for PBXNativeTarget "Picguard Tests (iOS)" */ = {
			isa = XCConfigurationList;
			buildConfigurations = (
				3A0CB7891CC65E9000A32F4E /* Debug */,
				3A0CB78A1CC65E9000A32F4E /* Release */,
			);
			defaultConfigurationIsVisible = 0;
			defaultConfigurationName = Release;
		};
/* End XCConfigurationList section */
	};
	rootObject = 3A0CB75B1CC55A8500A32F4E /* Project object */;
}
